PODS:
  - DynamicExample (0.1.0)
  - Nimble (7.0.3)
  - Quick (1.2.0)

DEPENDENCIES:
  - DynamicExample (from `../`)
  - Nimble (~> 7.0.2)
  - Quick (~> 1.2.0)

SPEC REPOS:
  https://github.com/cocoapods/specs.git:
    - Nimble
    - Quick

EXTERNAL SOURCES:
  DynamicExample:
    :path: "../"

SPEC CHECKSUMS:
  DynamicExample: 82aa0c39b1093fa01c1ade201a3e3d448d3cfbab
  Nimble: 7f5a9c447a33002645a071bddafbfb24ea70e0ac
  Quick: 58d203b1c5e27fff7229c4c1ae445ad7069a7a08

PODFILE CHECKSUM: 6af80fb73d1be03f7fabe41b534800fa5989abbb

COCOAPODS: 1.5.3
